
Microsoft Visual Studio Solution File, Format Version 12.00
# Visual Studio Version 16
VisualStudioVersion = 16.0.31410.357
MinimumVisualStudioVersion = 10.0.40219.1
Project("{FAE04EC0-301F-11D3-BF4B-00C04F79EFBC}") = "Derivco", "Derivco\Derivco.csproj", "{F75421A2-E2E2-4B78-9B2F-FC2B1AC80755}"
EndProject
Global
	GlobalSection(SolutionConfigurationPlatforms) = preSolution
		Debug|Any CPU = Debug|Any CPU
		Release|Any CPU = Release|Any CPU
	EndGlobalSection
	GlobalSection(ProjectConfigurationPlatforms) = postSolution
		{F75421A2-E2E2-4B78-9B2F-FC2B1AC80755}.Debug|Any CPU.ActiveCfg = Debug|Any CPU
		{F75421A2-E2E2-4B78-9B2F-FC2B1AC80755}.Debug|Any CPU.Build.0 = Debug|Any CPU
		{F75421A2-E2E2-4B78-9B2F-FC2B1AC80755}.Release|Any CPU.ActiveCfg = Release|Any CPU
		{F75421A2-E2E2-4B78-9B2F-FC2B1AC80755}.Release|Any CPU.Build.0 = Release|Any CPU
	EndGlobalSection
	GlobalSection(SolutionProperties) = preSolution
		HideSolutionNode = FALSE
	EndGlobalSection
	GlobalSection(ExtensibilityGlobals) = postSolution
		SolutionGuid = {8E7F029E-DFB3-4473-BF0F-AC370C3071ED}
	EndGlobalSection
EndGlobal
